// !$*UTF8*$!
{
	archiveVersion = 1;
	classes = {
	};
	objectVersion = 56;
	objects = {

/* Begin PBXBuildFile section */
		01EB8C1CCF4F2948D80EAF8C /* Preview Assets.xcassets in Resources */ = {isa = PBXBuildFile; fileRef = 89CC5DF5862D0A13D5A7792D /* Preview Assets.xcassets */; };
		276368780279D2F237B86B82 /* ContentView.swift in Sources */ = {isa = PBXBuildFile; fileRef = C6F7EDF09C090705D861F540 /* ContentView.swift */; };
		2DB18050F57631332A60ACCA /* CategoryPickerView.swift in Sources */ = {isa = PBXBuildFile; fileRef = 3BD5C14A083C2B2E5F6302B1 /* CategoryPickerView.swift */; };
		3CC123672F758A4B00D92CD7 /* DetailsView.swift in Sources */ = {isa = PBXBuildFile; fileRef = 3CC123662F758A4600D92CD7 /* DetailsView.swift */; };
		45FCEBC23901971B9D9E19E4 /* Transaction.swift in Sources */ = {isa = PBXBuildFile; fileRef = 66B64F437278FCFCC0235855 /* Transaction.swift */; };
		4A319D5CA84FFA44A404F7BD /* Category.swift in Sources */ = {isa = PBXBuildFile; fileRef = 2C49DDEAC710CC2C64608D46 /* Category.swift */; };
		78D5844248CCA66D4603D1B7 /* TransactionsListView.swift in Sources */ = {isa = PBXBuildFile; fileRef = DD056E52B01B21E9F7F71F4F /* TransactionsListView.swift */; };
		7A1E341D27D0905C023E5FD7 /* DashboardView.swift in Sources */ = {isa = PBXBuildFile; fileRef = 30386BB2C550EBADE27B80CC /* DashboardView.swift */; };
		8A9D53660C51133D0E7BB982 /* PDFParser.swift in Sources */ = {isa = PBXBuildFile; fileRef = EFDDE378FE33E3B34021AAF1 /* PDFParser.swift */; };
		947FE702F21A050B81240295 /* BudgetCalcApp.swift in Sources */ = {isa = PBXBuildFile; fileRef = C0E0B467B9EE56DA3A8280E9 /* BudgetCalcApp.swift */; };
		B3F21A44C9D05E110A7CC001 /* AutoCategorizer.swift in Sources */ = {isa = PBXBuildFile; fileRef = B3F21A44C9D05E110A7CC002 /* AutoCategorizer.swift */; };
		C21C04D49EDC1363B1C30690 /* Assets.xcassets in Resources */ = {isa = PBXBuildFile; fileRef = DB136B2DBB75FE67543CB90C /* Assets.xcassets */; };
		FD9B7F9D94ADFCA1017B27F1 /* ImportView.swift in Sources */ = {isa = PBXBuildFile; fileRef = B68C087401F0710CE4398BB5 /* ImportView.swift */; };
/* End PBXBuildFile section */

/* Begin PBXFileReference section */
		05D55B9E67B65D3E956AED4D /* BudgetCalc.app */ = {isa = PBXFileReference; explicitFileType = wrapper.application; includeInIndex = 0; path = BudgetCalc.app; sourceTree = BUILT_PRODUCTS_DIR; };
		2C49DDEAC710CC2C64608D46 /* Category.swift */ = {isa = PBXFileReference; lastKnownFileType = sourcecode.swift; path = Category.swift; sourceTree = "<group>"; };
		30386BB2C550EBADE27B80CC /* DashboardView.swift */ = {isa = PBXFileReference; lastKnownFileType = sourcecode.swift; path = DashboardView.swift; sourceTree = "<group>"; };
		3BD5C14A083C2B2E5F6302B1 /* CategoryPickerView.swift */ = {isa = PBXFileReference; lastKnownFileType = sourcecode.swift; path = CategoryPickerView.swift; sourceTree = "<group>"; };
		3CC123662F758A4600D92CD7 /* DetailsView.swift */ = {isa = PBXFileReference; lastKnownFileType = sourcecode.swift; path = DetailsView.swift; sourceTree = "<group>"; };
		66B64F437278FCFCC0235855 /* Transaction.swift */ = {isa = PBXFileReference; lastKnownFileType = sourcecode.swift; path = Transaction.swift; sourceTree = "<group>"; };
		89CC5DF5862D0A13D5A7792D /* Preview Assets.xcassets */ = {isa = PBXFileReference; lastKnownFileType = folder.assetcatalog; path = "Preview Assets.xcassets"; sourceTree = "<group>"; };
		B3F21A44C9D05E110A7CC002 /* AutoCategorizer.swift */ = {isa = PBXFileReference; lastKnownFileType = sourcecode.swift; path = AutoCategorizer.swift; sourceTree = "<group>"; };
		B68C087401F0710CE4398BB5 /* ImportView.swift */ = {isa = PBXFileReference; lastKnownFileType = sourcecode.swift; path = ImportView.swift; sourceTree = "<group>"; };
		C0E0B467B9EE56DA3A8280E9 /* BudgetCalcApp.swift */ = {isa = PBXFileReference; lastKnownFileType = sourcecode.swift; path = BudgetCalcApp.swift; sourceTree = "<group>"; };
		C6F7EDF09C090705D861F540 /* ContentView.swift */ = {isa = PBXFileReference; lastKnownFileType = sourcecode.swift; path = ContentView.swift; sourceTree = "<group>"; };
		DB136B2DBB75FE67543CB90C /* Assets.xcassets */ = {isa = PBXFileReference; lastKnownFileType = folder.assetcatalog; path = Assets.xcassets; sourceTree = "<group>"; };
		DD056E52B01B21E9F7F71F4F /* TransactionsListView.swift */ = {isa = PBXFileReference; lastKnownFileType = sourcecode.swift; path = TransactionsListView.swift; sourceTree = "<group>"; };
		EFDDE378FE33E3B34021AAF1 /* PDFParser.swift */ = {isa = PBXFileReference; lastKnownFileType = sourcecode.swift; path = PDFParser.swift; sourceTree = "<group>"; };
/* End PBXFileReference section */

/* Begin PBXFrameworksBuildPhase section */
		B6AC180E6DC9424230DA4895 /* Frameworks */ = {
			isa = PBXFrameworksBuildPhase;
			buildActionMask = 2147483647;
			files = (
			);
			runOnlyForDeploymentPostprocessing = 0;
		};
/* End PBXFrameworksBuildPhase section */

/* Begin PBXGroup section */
		26202307D760103E22409D69 /* Preview Content */ = {
			isa = PBXGroup;
			children = (
				89CC5DF5862D0A13D5A7792D /* Preview Assets.xcassets */,
			);
			path = "Preview Content";
			sourceTree = "<group>";
		};
		6370DFEB7E6207FBD13107B6 = {
			isa = PBXGroup;
			children = (
				8A011110D0C4D65C6DB0168A /* BudgetCalc */,
				C8C05B623940B6CFA55F56DB /* Products */,
			);
			sourceTree = "<group>";
		};
		79A7E50C3CAACF9204E8D4A8 /* Services */ = {
			isa = PBXGroup;
			children = (
				EFDDE378FE33E3B34021AAF1 /* PDFParser.swift */,
				B3F21A44C9D05E110A7CC002 /* AutoCategorizer.swift */,
			);
			path = Services;
			sourceTree = "<group>";
		};
		8A011110D0C4D65C6DB0168A /* BudgetCalc */ = {
			isa = PBXGroup;
			children = (
				C0E0B467B9EE56DA3A8280E9 /* BudgetCalcApp.swift */,
				C6F7EDF09C090705D861F540 /* ContentView.swift */,
				C3FC059A2B60C563B1CE5BD1 /* Models */,
				F6FA1AE67A03EC87A69CF8AA /* Views */,
				79A7E50C3CAACF9204E8D4A8 /* Services */,
				DB136B2DBB75FE67543CB90C /* Assets.xcassets */,
				26202307D760103E22409D69 /* Preview Content */,
			);
			path = BudgetCalc;
			sourceTree = "<group>";
		};
		C3FC059A2B60C563B1CE5BD1 /* Models */ = {
			isa = PBXGroup;
			children = (
				66B64F437278FCFCC0235855 /* Transaction.swift */,
				2C49DDEAC710CC2C64608D46 /* Category.swift */,
			);
			path = Models;
			sourceTree = "<group>";
		};
		C8C05B623940B6CFA55F56DB /* Products */ = {
			isa = PBXGroup;
			children = (
				05D55B9E67B65D3E956AED4D /* BudgetCalc.app */,
			);
			name = Products;
			sourceTree = "<group>";
		};
		F6FA1AE67A03EC87A69CF8AA /* Views */ = {
			isa = PBXGroup;
			children = (
				3CC123662F758A4600D92CD7 /* DetailsView.swift */,
				30386BB2C550EBADE27B80CC /* DashboardView.swift */,
				DD056E52B01B21E9F7F71F4F /* TransactionsListView.swift */,
				B68C087401F0710CE4398BB5 /* ImportView.swift */,
				3BD5C14A083C2B2E5F6302B1 /* CategoryPickerView.swift */,
			);
			path = Views;
			sourceTree = "<group>";
		};
/* End PBXGroup section */

/* Begin PBXNativeTarget section */
		957B6E30306E5BFF816A1832 /* BudgetCalc */ = {
			isa = PBXNativeTarget;
			buildConfigurationList = A0A0C381AE765790E9C9B1BF /* Build configuration list for PBXNativeTarget "BudgetCalc" */;
			buildPhases = (
				F1129724FA81E514F1892BA4 /* Sources */,
				B6AC180E6DC9424230DA4895 /* Frameworks */,
				65212B164633169828B0444C /* Resources */,
			);
			buildRules = (
			);
			dependencies = (
			);
			name = BudgetCalc;
			productName = BudgetCalc;
			productReference = 05D55B9E67B65D3E956AED4D /* BudgetCalc.app */;
			productType = "com.apple.product-type.application";
		};
/* End PBXNativeTarget section */

/* Begin PBXProject section */
		0848AC6F02599AF7E384D128 /* Project object */ = {
			isa = PBXProject;
			attributes = {
				BuildIndependentTargetsInParallel = 1;
				LastSwiftUpdateCheck = 1600;
				LastUpgradeCheck = 1600;
				TargetAttributes = {
					957B6E30306E5BFF816A1832 = {
						CreatedOnToolsVersion = 16.0;
					};
				};
			};
			buildConfigurationList = E24A4CBD670867FEB8730124 /* Build configuration list for PBXProject "BudgetCalc" */;
			compatibilityVersion = "Xcode 14.0";
			developmentRegion = en;
			hasScannedForEncodings = 0;
			knownRegions = (
				en,
				Base,
			);
			mainGroup = 6370DFEB7E6207FBD13107B6;
			productRefGroup = C8C05B623940B6CFA55F56DB /* Products */;
			projectDirPath = "";
			projectRoot = "";
			targets = (
				957B6E30306E5BFF816A1832 /* BudgetCalc */,
			);
		};
/* End PBXProject section */

/* Begin PBXResourcesBuildPhase section */
		65212B164633169828B0444C /* Resources */ = {
			isa = PBXResourcesBuildPhase;
			buildActionMask = 2147483647;
			files = (
				01EB8C1CCF4F2948D80EAF8C /* Preview Assets.xcassets in Resources */,
				C21C04D49EDC1363B1C30690 /* Assets.xcassets in Resources */,
			);
			runOnlyForDeploymentPostprocessing = 0;
		};
/* End PBXResourcesBuildPhase section */

/* Begin PBXSourcesBuildPhase section */
		F1129724FA81E514F1892BA4 /* Sources */ = {
			isa = PBXSourcesBuildPhase;
			buildActionMask = 2147483647;
			files = (
				947FE702F21A050B81240295 /* BudgetCalcApp.swift in Sources */,
				276368780279D2F237B86B82 /* ContentView.swift in Sources */,
				45FCEBC23901971B9D9E19E4 /* Transaction.swift in Sources */,
				4A319D5CA84FFA44A404F7BD /* Category.swift in Sources */,
				7A1E341D27D0905C023E5FD7 /* DashboardView.swift in Sources */,
				78D5844248CCA66D4603D1B7 /* TransactionsListView.swift in Sources */,
				3CC123672F758A4B00D92CD7 /* DetailsView.swift in Sources */,
				FD9B7F9D94ADFCA1017B27F1 /* ImportView.swift in Sources */,
				2DB18050F57631332A60ACCA /* CategoryPickerView.swift in Sources */,
				8A9D53660C51133D0E7BB982 /* PDFParser.swift in Sources */,
				B3F21A44C9D05E110A7CC001 /* AutoCategorizer.swift in Sources */,
			);
			runOnlyForDeploymentPostprocessing = 0;
		};
/* End PBXSourcesBuildPhase section */

/* Begin XCBuildConfiguration section */
		40A2DC5D0735C32A17AF99AF /* Release */ = {
			isa = XCBuildConfiguration;
			buildSettings = {
				ASSETCATALOG_COMPILER_APPICON_NAME = AppIcon;
				ASSETCATALOG_COMPILER_GLOBAL_ACCENT_COLOR_NAME = AccentColor;
				CODE_SIGN_STYLE = Automatic;
				CURRENT_PROJECT_VERSION = 1;
				DEVELOPMENT_ASSET_PATHS = "\"BudgetCalc/Preview Content\"";
				DEVELOPMENT_TEAM = G5CXS68J4R;
				ENABLE_PREVIEWS = YES;
				GENERATE_INFOPLIST_FILE = YES;
				INFOPLIST_KEY_NSPhotoLibraryUsageDescription = "Access photos to import bank statement images.";
				INFOPLIST_KEY_UIApplicationSceneManifest_Generation = YES;
				INFOPLIST_KEY_UIApplicationSupportsIndirectInputEvents = YES;
				INFOPLIST_KEY_UILaunchScreen_Generation = YES;
				INFOPLIST_KEY_UISupportedInterfaceOrientations_iPad = "UIInterfaceOrientationLandscapeLeft UIInterfaceOrientationLandscapeRight UIInterfaceOrientationPortrait UIInterfaceOrientationPortraitUpsideDown";
				INFOPLIST_KEY_UISupportedInterfaceOrientations_iPhone = "UIInterfaceOrientationLandscapeLeft UIInterfaceOrientationLandscapeRight UIInterfaceOrientationPortrait";
				LD_RUNPATH_SEARCH_PATHS = (
					"$(inherited)",
					"@executable_path/Frameworks",
				);
				MARKETING_VERSION = 1.0;
				PRODUCT_BUNDLE_IDENTIFIER = com.budgetcalc.app;
				PRODUCT_NAME = "$(TARGET_NAME)";
				SWIFT_EMIT_LOC_STRINGS = YES;
				SWIFT_VERSION = 5.0;
				TARGETED_DEVICE_FAMILY = "1,2";
			};
			name = Release;
		};
		41DBF481FD22322F640E3865 /* Debug */ = {
			isa = XCBuildConfiguration;
			buildSettings = {
				ASSETCATALOG_COMPILER_APPICON_NAME = AppIcon;
				ASSETCATALOG_COMPILER_GLOBAL_ACCENT_COLOR_NAME = AccentColor;
				CODE_SIGN_STYLE = Automatic;
				CURRENT_PROJECT_VERSION = 1;
				DEVELOPMENT_ASSET_PATHS = "\"BudgetCalc/Preview Content\"";
				DEVELOPMENT_TEAM = G5CXS68J4R;
				ENABLE_PREVIEWS = YES;
				GENERATE_INFOPLIST_FILE = YES;
				INFOPLIST_KEY_NSPhotoLibraryUsageDescription = "Access photos to import bank statement images.";
				INFOPLIST_KEY_UIApplicationSceneManifest_Generation = YES;
				INFOPLIST_KEY_UIApplicationSupportsIndirectInputEvents = YES;
				INFOPLIST_KEY_UILaunchScreen_Generation = YES;
				INFOPLIST_KEY_UISupportedInterfaceOrientations_iPad = "UIInterfaceOrientationLandscapeLeft UIInterfaceOrientationLandscapeRight UIInterfaceOrientationPortrait UIInterfaceOrientationPortraitUpsideDown";
				INFOPLIST_KEY_UISupportedInterfaceOrientations_iPhone = "UIInterfaceOrientationLandscapeLeft UIInterfaceOrientationLandscapeRight UIInterfaceOrientationPortrait";
				LD_RUNPATH_SEARCH_PATHS = (
					"$(inherited)",
					"@executable_path/Frameworks",
				);
				MARKETING_VERSION = 1.0;
				PRODUCT_BUNDLE_IDENTIFIER = com.budgetcalc.app;
				PRODUCT_NAME = "$(TARGET_NAME)";
				SWIFT_EMIT_LOC_STRINGS = YES;
				SWIFT_VERSION = 5.0;
				TARGETED_DEVICE_FAMILY = "1,2";
			};
			name = Debug;
		};
		6CCE227946401CD031847B52 /* Debug */ = {
			isa = XCBuildConfiguration;
			buildSettings = {
				ALWAYS_SEARCH_USER_PATHS = NO;
				ASSETCATALOG_COMPILER_GENERATE_SWIFT_ASSET_SYMBOL_EXTENSIONS = YES;
				CLANG_ANALYZER_NONNULL = YES;
				CLANG_CXX_LANGUAGE_STANDARD = "gnu++20";
				CLANG_ENABLE_MODULES = YES;
				CLANG_ENABLE_OBJC_ARC = YES;
				CLANG_ENABLE_OBJC_WEAK = YES;
				CLANG_WARN_BLOCK_CAPTURE_AUTORELEASING = YES;
				CLANG_WARN_BOOL_CONVERSION = YES;
				CLANG_WARN_COMMA = YES;
				CLANG_WARN_CONSTANT_CONVERSION = YES;
				CLANG_WARN_DEPRECATED_OBJC_IMPLEMENTATIONS = YES;
				CLANG_WARN_DIRECT_OBJC_ISA_USAGE = YES_ERROR;
				CLANG_WARN_DOCUMENTATION_COMMENTS = YES;
				CLANG_WARN_EMPTY_BODY = YES;
				CLANG_WARN_ENUM_CONVERSION = YES;
				CLANG_WARN_INFINITE_RECURSION = YES;
				CLANG_WARN_INT_CONVERSION = YES;
				CLANG_WARN_NON_LITERAL_NULL_CONVERSION = YES;
				CLANG_WARN_OBJC_IMPLICIT_RETAIN_CYCLE = YES;
				CLANG_WARN_OBJC_LITERAL_CONVERSION = YES;
				CLANG_WARN_OBJC_ROOT_CLASS = YES_ERROR;
				CLANG_WARN_QUOTED_INCLUDE_IN_FRAMEWORK_HEADER = YES;
				CLANG_WARN_RANGE_LOOP_ANALYSIS = YES;
				CLANG_WARN_STRICT_PROTOTYPES = YES;
				CLANG_WARN_SUSPICIOUS_MOVE = YES;
				CLANG_WARN_UNGUARDED_AVAILABILITY = YES_AGGRESSIVE;
				CLANG_WARN_UNREACHABLE_CODE = YES;
				CLANG_WARN__DUPLICATE_METHOD_MATCH = YES;
				COPY_PHASE_STRIP = NO;
				DEBUG_INFORMATION_FORMAT = dwarf;
				ENABLE_STRICT_OBJC_MSGSEND = YES;
				ENABLE_TESTABILITY = YES;
				ENABLE_USER_SCRIPT_SANDBOXING = YES;
				GCC_C_LANGUAGE_STANDARD = gnu17;
				GCC_DYNAMIC_NO_PIC = NO;
				GCC_NO_COMMON_BLOCKS = YES;
				GCC_OPTIMIZATION_LEVEL = 0;
				GCC_PREPROCESSOR_DEFINITIONS = (
					"DEBUG=1",
					"$(inherited)",
				);
				GCC_WARN_64_TO_32_BIT_CONVERSION = YES;
				GCC_WARN_ABOUT_RETURN_TYPE = YES_ERROR;
				GCC_WARN_UNDECLARED_SELECTOR = YES;
				GCC_WARN_UNINITIALIZED_AUTOS = YES_AGGRESSIVE;
				GCC_WARN_UNUSED_FUNCTION = YES;
				GCC_WARN_UNUSED_VARIABLE = YES;
				IPHONEOS_DEPLOYMENT_TARGET = 17.0;
				MTL_ENABLE_DEBUG_INFO = INCLUDE_SOURCE;
				MTL_FAST_MATH = YES;
				ONLY_ACTIVE_ARCH = YES;
				SDKROOT = iphoneos;
				SWIFT_ACTIVE_COMPILATION_CONDITIONS = "DEBUG $(inherited)";
				SWIFT_OPTIMIZATION_LEVEL = "-Onone";
			};
			name = Debug;
		};
		BC4C81BDEC5B79CC3B921DF5 /* Release */ = {
			isa = XCBuildConfiguration;
			buildSettings = {
				ALWAYS_SEARCH_USER_PATHS = NO;
				ASSETCATALOG_COMPILER_GENERATE_SWIFT_ASSET_SYMBOL_EXTENSIONS = YES;
				CLANG_ANALYZER_NONNULL = YES;
				CLANG_CXX_LANGUAGE_STANDARD = "gnu++20";
				CLANG_ENABLE_MODULES = YES;
				CLANG_ENABLE_OBJC_ARC = YES;
				CLANG_ENABLE_OBJC_WEAK = YES;
				CLANG_WARN_BLOCK_CAPTURE_AUTORELEASING = YES;
				CLANG_WARN_BOOL_CONVERSION = YES;
				CLANG_WARN_COMMA = YES;
				CLANG_WARN_CONSTANT_CONVERSION = YES;
				CLANG_WARN_DEPRECATED_OBJC_IMPLEMENTATIONS = YES;
				CLANG_WARN_DIRECT_OBJC_ISA_USAGE = YES_ERROR;
				CLANG_WARN_DOCUMENTATION_COMMENTS = YES;
				CLANG_WARN_EMPTY_BODY = YES;
				CLANG_WARN_ENUM_CONVERSION = YES;
				CLANG_WARN_INFINITE_RECURSION = YES;
				CLANG_WARN_INT_CONVERSION = YES;
				CLANG_WARN_NON_LITERAL_NULL_CONVERSION = YES;
				CLANG_WARN_OBJC_IMPLICIT_RETAIN_CYCLE = YES;
				CLANG_WARN_OBJC_LITERAL_CONVERSION = YES;
				CLANG_WARN_OBJC_ROOT_CLASS = YES_ERROR;
				CLANG_WARN_QUOTED_INCLUDE_IN_FRAMEWORK_HEADER = YES;
				CLANG_WARN_RANGE_LOOP_ANALYSIS = YES;
				CLANG_WARN_STRICT_PROTOTYPES = YES;
				CLANG_WARN_SUSPICIOUS_MOVE = YES;
				CLANG_WARN_UNGUARDED_AVAILABILITY = YES_AGGRESSIVE;
				CLANG_WARN_UNREACHABLE_CODE = YES;
				CLANG_WARN__DUPLICATE_METHOD_MATCH = YES;
				COPY_PHASE_STRIP = NO;
				DEBUG_INFORMATION_FORMAT = "dwarf-with-dsym";
				ENABLE_NS_ASSERTIONS = NO;
				ENABLE_STRICT_OBJC_MSGSEND = YES;
				ENABLE_USER_SCRIPT_SANDBOXING = YES;
				GCC_C_LANGUAGE_STANDARD = gnu17;
				GCC_NO_COMMON_BLOCKS = YES;
				GCC_WARN_64_TO_32_BIT_CONVERSION = YES;
				GCC_WARN_ABOUT_RETURN_TYPE = YES_ERROR;
				GCC_WARN_UNDECLARED_SELECTOR = YES;
				GCC_WARN_UNINITIALIZED_AUTOS = YES_AGGRESSIVE;
				GCC_WARN_UNUSED_FUNCTION = YES;
				GCC_WARN_UNUSED_VARIABLE = YES;
				IPHONEOS_DEPLOYMENT_TARGET = 17.0;
				MTL_FAST_MATH = YES;
				SDKROOT = iphoneos;
				SWIFT_COMPILATION_MODE = wholemodule;
				VALIDATE_PRODUCT = YES;
			};
			name = Release;
		};
/* End XCBuildConfiguration section */

/* Begin XCConfigurationList section */
		A0A0C381AE765790E9C9B1BF /* Build configuration list for PBXNativeTarget "BudgetCalc" */ = {
			isa = XCConfigurationList;
			buildConfigurations = (
				41DBF481FD22322F640E3865 /* Debug */,
				40A2DC5D0735C32A17AF99AF /* Release */,
			);
			defaultConfigurationIsVisible = 0;
			defaultConfigurationName = Release;
		};
		E24A4CBD670867FEB8730124 /* Build configuration list for PBXProject "BudgetCalc" */ = {
			isa = XCConfigurationList;
			buildConfigurations = (
				6CCE227946401CD031847B52 /* Debug */,
				BC4C81BDEC5B79CC3B921DF5 /* Release */,
			);
			defaultConfigurationIsVisible = 0;
			defaultConfigurationName = Release;
		};
/* End XCConfigurationList section */
	};
	rootObject = 0848AC6F02599AF7E384D128 /* Project object */;
}
